
Microsoft Visual Studio Solution File, Format Version 12.00
# Visual Studio Version 17
VisualStudioVersion = 17.10.35013.160
MinimumVisualStudioVersion = 10.0.40219.1
Project("{9A19103F-16F7-4668-BE54-9A1E7A4F7556}") = "RecifyAPI", "RecifyAPI.csproj", "{D34F7906-8CBE-4909-869F-33FCAE7A9DC5}"
EndProject
Project("{FAE04EC0-301F-11D3-BF4B-00C04F79EFBC}") = "DAL", "..\DAL\DAL.csproj", "{E78F5E5A-A9D7-4A39-83E6-A86C5FF39ED9}"
EndProject
Global
	GlobalSection(SolutionConfigurationPlatforms) = preSolution
		Debug|Any CPU = Debug|Any CPU
		Release|Any CPU = Release|Any CPU
	EndGlobalSection
	GlobalSection(ProjectConfigurationPlatforms) = postSolution
		{D34F7906-8CBE-4909-869F-33FCAE7A9DC5}.Debug|Any CPU.ActiveCfg = Debug|Any CPU
		{D34F7906-8CBE-4909-869F-33FCAE7A9DC5}.Debug|Any CPU.Build.0 = Debug|Any CPU
		{D34F7906-8CBE-4909-869F-33FCAE7A9DC5}.Release|Any CPU.ActiveCfg = Release|Any CPU
		{D34F7906-8CBE-4909-869F-33FCAE7A9DC5}.Release|Any CPU.Build.0 = Release|Any CPU
		{E78F5E5A-A9D7-4A39-83E6-A86C5FF39ED9}.Debug|Any CPU.ActiveCfg = Debug|Any CPU
		{E78F5E5A-A9D7-4A39-83E6-A86C5FF39ED9}.Debug|Any CPU.Build.0 = Debug|Any CPU
		{E78F5E5A-A9D7-4A39-83E6-A86C5FF39ED9}.Release|Any CPU.ActiveCfg = Release|Any CPU
		{E78F5E5A-A9D7-4A39-83E6-A86C5FF39ED9}.Release|Any CPU.Build.0 = Release|Any CPU
	EndGlobalSection
	GlobalSection(SolutionProperties) = preSolution
		HideSolutionNode = FALSE
	EndGlobalSection
	GlobalSection(ExtensibilityGlobals) = postSolution
		SolutionGuid = {90FC962B-11D8-4799-A39E-2BDD4E65D844}
	EndGlobalSection
EndGlobal
